github.com/DanCrank/devices v0.0.0-20220109180233-cfb36ab1806d h1:HptbOLDDF1dFko0/9kH86NfLlaJIiEk3/ZGK7sJfHt8=
github.com/DanCrank/devices v0.0.0-20220109180233-cfb36ab1806d/go.mod h1:pWlD+/u1CLctYM/9D/t9NYa2W3FkvZN55XMQGX7TY0s=
github.com/DanCrank/devices v0.0.0-20220109180633-b95dc5838fa5 h1:6JyKxLJzTWnQsd2xFMd9Ty7KxiARZGxDYW9jnZZuiRY=
github.com/DanCrank/devices v0.0.0-20220109180633-b95dc5838fa5/go.mod h1:pWlD+/u1CLctYM/9D/t9NYa2W3FkvZN55XMQGX7TY0s=
github.com/DanCrank/devices v0.0.0-20220109224745-86d792056feb h1:hM0bTfTRzs1FkhVVsmJtRAhMhuBkQxvwqswBs2RQS60=
github.com/DanCrank/devices v0.0.0-20220109224745-86d792056feb/go.mod h1:pWlD+/u1CLctYM/9D/t9NYa2W3FkvZN55XMQGX7TY0s=
github.com/DanCrank/devices v0.0.0-20220110011055-9a84c81aa42a h1:9isPIP7qaTec2Ami7/Ichu+j689B/3je6U4V6/nMx5s=
github.com/DanCrank/devices v0.0.0-20220110011055-9a84c81aa42a/go.mod h1:pWlD+/u1CLctYM/9D/t9NYa2W3FkvZN55XMQGX7TY0s=
github.com/DanCrank/devices v0.1.2 h1:yCciOKtC5yzepO8z5ngyXKmXj1GVd7j4jyeTbvIPw34=
github.com/DanCrank/devices v0.1.2/go.mod h1:pWlD+/u1CLctYM/9D/t9NYa2W3FkvZN55XMQGX7TY0s=
github.com/DanCrank/devices v0.1.3 h1:Ldbb70DJFGJqs18rLvBFmouHpHkTx0Pm2Plcao4UfZQ=
github.com/DanCrank/devices v0.1.3/go.mod h1:pWlD+/u1CLctYM/9D/t9NYa2W3FkvZN55XMQGX7TY0s=
github.com/davecgh/go-spew v1.1.1 h1:vj9j/u1bqnvCEfJOwUhtlOARqs3+rkHYY13jYWTU97c=
github.com/davecgh/go-spew v1.1.1/go.mod h1:J7Y8YcW2NihsgmVo/mv3lAwl/skON4iLHjSsI+c5H38=
github.com/jonboulle/clockwork v0.2.2 h1:UOGuzwb1PwsrDAObMuhUnj0p5ULPj8V/xJ7Kx9qUBdQ=
github.com/jonboulle/clockwork v0.2.2/go.mod h1:Pkfl5aHPm1nk2H9h0bjmnJD/BcgbGXUBGnn1kMkgxc8=
github.com/maruel/ansi256 v1.0.2/go.mod h1:x7uow2KFkUgjdzvYHyfZuMEOTGKvCYLyVUHIVg1vYic=
github.com/mattn/go-colorable v0.1.12/go.mod h1:u5H1YNBxpqRaxsYJYSkiCWKzEfiAb1Gb520KVy5xxl4=
github.com/mattn/go-isatty v0.0.14/go.mod h1:7GGIvUiUoEMVVmxf/4nioHXj79iQHKdU27kJ6hsGG94=
golang.org/x/image v0.0.0-20211028202545-6944b10bf410 h1:hTftEOvwiOq2+O8k2D5/Q7COC7k5Qcrgc2TFURJYnvQ=
golang.org/x/image v0.0.0-20211028202545-6944b10bf410/go.mod h1:023OzeP/+EPmXeapQh35lcL3II3LrY8Ic+EFFKVhULM=
golang.org/x/sys v0.0.0-20210630005230-0f9fa26af87c/go.mod h1:oPkhp1MJrh7nUepCBck5+mAzfO9JrbApNNgaTdGDITg=
golang.org/x/sys v0.0.0-20210927094055-39ccf1dd6fa6/go.mod h1:oPkhp1MJrh7nUepCBck5+mAzfO9JrbApNNgaTdGDITg=
golang.org/x/sys v0.0.0-20211210111614-af8b64212486/go.mod h1:oPkhp1MJrh7nUepCBck5+mAzfO9JrbApNNgaTdGDITg=
golang.org/x/text v0.3.6/go.mod h1:5Zoc/QRtKVWzQhOtBMvqHzDpF6irO9z98xDceosuGiQ=
golang.org/x/tools v0.0.0-20180917221912-90fa682c2a6e/go.mod h1:n7NCudcB/nEzxVGmLbDWY5pfWTLqBcC2KZ6jyYvM4mQ=
periph.io/x/cmd v0.0.0-20211213172547-12a801ec554f h1:dPL0NaGgexFn0r1gjjm7mQ4qT3mVa9ADHJ/KqovfPA8=
periph.io/x/cmd v0.0.0-20211213172547-12a801ec554f/go.mod h1:BkirO59pAFD/Aux5Qrnd8pTmxDM0VpyWkgpnj3vsyAA=
periph.io/x/conn/v3 v3.6.10 h1:gwU4ssmZkq1D/uz8hU91i/COo2c9DrRaS4PJZBbCd+c=
periph.io/x/conn/v3 v3.6.10/go.mod h1:UqWNaPMosWmNCwtufoTSTTYhB2wXWsMRAJyo1PlxO4Q=
periph.io/x/d2xx v0.0.4 h1:R1Yejby5Ny6cVRo94RlMgXFtpp6AJrsVNAAjQCQx5rA=
periph.io/x/d2xx v0.0.4/go.mod h1:38Euaaj+s6l0faIRHh32a+PrjXvxFTFkPBEQI0TKg34=
periph.io/x/devices v0.0.1 h1:ABF2n9GBl2C0Hyp0iyZzE/QcunyTKf1GTIOqSRwwEVI=
periph.io/x/devices v0.0.1/go.mod h1:NiiRo2MvZvvanxPUycXhTjcxAggGE5NTD/JIYaT6R9k=
periph.io/x/devices/v3 v3.6.13 h1:SMdPDMsgEjEEZMRcDjrxrteC5l98YoOrrGMkXQdnzC4=
periph.io/x/devices/v3 v3.6.13/go.mod h1:XRnz/hPiDuDnFBzvuBr6c+yKzmnmVjQQjoSJCHDCLFc=
periph.io/x/host/v3 v3.7.2 h1:rCAUxkzy2xrzh18HP2AoVwTL/fEKqmcJ1icsZQGM58Q=
periph.io/x/host/v3 v3.7.2/go.mod h1:nHMlzkPwmnHyP9Tn0I8FV+e0N3K7TjFXLZkIWzAicog=
periph.io/x/periph v3.6.8+incompatible h1:lki0ie6wHtvlilXhIkabdCUQMpb5QN4Fx33yNQdqnaA=
periph.io/x/periph v3.6.8+incompatible/go.mod h1:EWr+FCIU2dBWz5/wSWeiIUJTriYv9v2j2ENBmgYyy7Y=
